
Microsoft Visual Studio Solution File, Format Version 12.00
# Visual Studio 15
VisualStudioVersion = 15.0.28307.852
MinimumVisualStudioVersion = 10.0.40219.1
Project("{FAE04EC0-301F-11D3-BF4B-00C04F79EFBC}") = "WinDriver.Client", "WinDriver.Client\WinDriver.Client.csproj", "{2D8A67A5-ED24-4194-BF79-6CA651CF2D1C}"
EndProject
Project("{FAE04EC0-301F-11D3-BF4B-00C04F79EFBC}") = "WinDriver.Core", "WinDriver.Core\WinDriver.Core.csproj", "{35C0A0A6-F41D-48C2-80EB-2FBF22A14489}"
EndProject
Project("{FAE04EC0-301F-11D3-BF4B-00C04F79EFBC}") = "WinDriver", "WinDriver\WinDriver.csproj", "{A1AC6CBE-0761-48C5-B61F-423B6C9A85FE}"
EndProject
Global
	GlobalSection(SolutionConfigurationPlatforms) = preSolution
		Debug|Any CPU = Debug|Any CPU
		Release|Any CPU = Release|Any CPU
	EndGlobalSection
	GlobalSection(ProjectConfigurationPlatforms) = postSolution
		{2D8A67A5-ED24-4194-BF79-6CA651CF2D1C}.Debug|Any CPU.ActiveCfg = Debug|Any CPU
		{2D8A67A5-ED24-4194-BF79-6CA651CF2D1C}.Debug|Any CPU.Build.0 = Debug|Any CPU
		{2D8A67A5-ED24-4194-BF79-6CA651CF2D1C}.Release|Any CPU.ActiveCfg = Release|Any CPU
		{2D8A67A5-ED24-4194-BF79-6CA651CF2D1C}.Release|Any CPU.Build.0 = Release|Any CPU
		{35C0A0A6-F41D-48C2-80EB-2FBF22A14489}.Debug|Any CPU.ActiveCfg = Debug|Any CPU
		{35C0A0A6-F41D-48C2-80EB-2FBF22A14489}.Debug|Any CPU.Build.0 = Debug|Any CPU
		{35C0A0A6-F41D-48C2-80EB-2FBF22A14489}.Release|Any CPU.ActiveCfg = Release|Any CPU
		{35C0A0A6-F41D-48C2-80EB-2FBF22A14489}.Release|Any CPU.Build.0 = Release|Any CPU
		{A1AC6CBE-0761-48C5-B61F-423B6C9A85FE}.Debug|Any CPU.ActiveCfg = Debug|Any CPU
		{A1AC6CBE-0761-48C5-B61F-423B6C9A85FE}.Debug|Any CPU.Build.0 = Debug|Any CPU
		{A1AC6CBE-0761-48C5-B61F-423B6C9A85FE}.Release|Any CPU.ActiveCfg = Release|Any CPU
		{A1AC6CBE-0761-48C5-B61F-423B6C9A85FE}.Release|Any CPU.Build.0 = Release|Any CPU
	EndGlobalSection
	GlobalSection(SolutionProperties) = preSolution
		HideSolutionNode = FALSE
	EndGlobalSection
	GlobalSection(ExtensibilityGlobals) = postSolution
		SolutionGuid = {015C6739-64E9-4193-86CD-9F16F6C245EF}
	EndGlobalSection
EndGlobal
